Microsoft Visual Studio Solution File, Format Version 12.00
# Visual Studio Version 17
VisualStudioVersion = 17.5.2.0
MinimumVisualStudioVersion = 10.0.40219.1
Project("{FAE04EC0-301F-11D3-BF4B-00C04F79EFBC}") = "EasyBackend", "EasyBackend\EasyBackend.csproj", "{3A85E47C-CE66-B734-2793-053561AC3D94}"
EndProject
Project("{FAE04EC0-301F-11D3-BF4B-00C04F79EFBC}") = "SimpleUsage", "SimpleUsage\SimpleUsage.csproj", "{66A4107F-BDD1-4460-A6C9-2F1A8D54956B}"
EndProject
Project("{FAE04EC0-301F-11D3-BF4B-00C04F79EFBC}") = "UnitTests", "UnitTests\UnitTests.csproj", "{E8392D33-8B32-473F-B950-166A07A813A5}"
EndProject
Global
	GlobalSection(SolutionConfigurationPlatforms) = preSolution
		Debug|Any CPU = Debug|Any CPU
		Release|Any CPU = Release|Any CPU
	EndGlobalSection
	GlobalSection(ProjectConfigurationPlatforms) = postSolution
		{3A85E47C-CE66-B734-2793-053561AC3D94}.Debug|Any CPU.ActiveCfg = Debug|Any CPU
		{3A85E47C-CE66-B734-2793-053561AC3D94}.Debug|Any CPU.Build.0 = Debug|Any CPU
		{3A85E47C-CE66-B734-2793-053561AC3D94}.Release|Any CPU.ActiveCfg = Release|Any CPU
		{3A85E47C-CE66-B734-2793-053561AC3D94}.Release|Any CPU.Build.0 = Release|Any CPU
		{66A4107F-BDD1-4460-A6C9-2F1A8D54956B}.Debug|Any CPU.ActiveCfg = Debug|Any CPU
		{66A4107F-BDD1-4460-A6C9-2F1A8D54956B}.Debug|Any CPU.Build.0 = Debug|Any CPU
		{66A4107F-BDD1-4460-A6C9-2F1A8D54956B}.Release|Any CPU.ActiveCfg = Release|Any CPU
		{66A4107F-BDD1-4460-A6C9-2F1A8D54956B}.Release|Any CPU.Build.0 = Release|Any CPU
		{E8392D33-8B32-473F-B950-166A07A813A5}.Debug|Any CPU.ActiveCfg = Debug|Any CPU
		{E8392D33-8B32-473F-B950-166A07A813A5}.Debug|Any CPU.Build.0 = Debug|Any CPU
		{E8392D33-8B32-473F-B950-166A07A813A5}.Release|Any CPU.ActiveCfg = Release|Any CPU
		{E8392D33-8B32-473F-B950-166A07A813A5}.Release|Any CPU.Build.0 = Release|Any CPU
	EndGlobalSection
	GlobalSection(SolutionProperties) = preSolution
		HideSolutionNode = FALSE
	EndGlobalSection
	GlobalSection(ExtensibilityGlobals) = postSolution
		SolutionGuid = {D96AC55A-E4AB-49FB-B13C-6F4F3C16379D}
	EndGlobalSection
EndGlobal
